# THIS IS AN AUTOGENERATED FILE. DO NOT EDIT THIS FILE DIRECTLY.
# yarn lockfile v1


"cell@github:jkroso/cell":
  version "1.0.2"
  resolved "https://codeload.github.com/jkroso/cell/tar.gz/6db4991ebff09e344d7c1211c4abdcc62aff479e"

fittext@^1.0.1:
  version "1.0.1"
  resolved "https://registry.yarnpkg.com/fittext/-/fittext-1.0.1.tgz#917ecb1a9fde42dc97cc12cfc006e7dda5ba7791"
  integrity sha1-kX7LGp/eQtyXzBLPwAbn3aW6d5E=
  dependencies:
    hyphenation.de "*"

flowtype@^2.0.0:
  version "2.0.0"
  resolved "https://registry.yarnpkg.com/flowtype/-/flowtype-2.0.0.tgz#8636bcb267659ff2ed575cd8bfb36372b90311a2"
  integrity sha1-hja8smdln/LtV1zYv7NjcrkDEaI=
  dependencies:
    merge yields/merge
    viewport "2"

hyphenation.de@*:
  version "0.2.1"
  resolved "https://registry.yarnpkg.com/hyphenation.de/-/hyphenation.de-0.2.1.tgz#366b4a805884c44d59be851b9bf402ccf24e2434"
  integrity sha1-NmtKgFiExE1ZvoUbm/QCzPJOJDQ=
  dependencies:
    hypher "*"

hypher@*:
  version "0.2.5"
  resolved "https://registry.yarnpkg.com/hypher/-/hypher-0.2.5.tgz#2fe456ed2a3fd4ed0d9e428617181c59f9a6dd02"
  integrity sha1-L+RW7So/1O0NnkKGFxgcWfmm3QI=

"merge@github:yields/merge":
  version "1.0.1"
  resolved "https://codeload.github.com/yields/merge/tar.gz/2f357cb501cd06f1a86394b7817e5df73c53f644"

viewport@2:
  version "2.0.1"
  resolved "https://registry.yarnpkg.com/viewport/-/viewport-2.0.1.tgz#8f5e39fcf5b58f839366314cd6914af9400912a4"
  integrity sha1-j145/PW1j4OTZjFM1pFK+UAJEqQ=
  dependencies:
    cell jkroso/cell
