# THIS IS AN AUTOGENERATED FILE. DO NOT EDIT THIS FILE DIRECTLY.
# yarn lockfile v1


"@staaky/fresco@^2.3.2":
  version "2.3.2"
  resolved "https://registry.yarnpkg.com/@staaky/fresco/-/fresco-2.3.2.tgz#c360aac6d700e9ad3225a93439e37dbc63913924"
  integrity sha512-G99m6dt4UEtV7lkfEcKhQvpnxkIHfXw4GXBGRSji7nRZnOtj5yRZmVOvm3QIlYOKy4sML+Mn4WGSW5tvprh6Zg==
